
Microsoft Visual Studio Solution File, Format Version 12.00
# Visual Studio Version 17
VisualStudioVersion = 17.3.32929.385
MinimumVisualStudioVersion = 10.0.40219.1
Project("{FAE04EC0-301F-11D3-BF4B-00C04F79EFBC}") = "BowlingGameTests", "BowlingGameTests\BowlingGameTests.csproj", "{E47ACAFB-21C4-43EB-839A-5B486B13B4B1}"
EndProject
Project("{FAE04EC0-301F-11D3-BF4B-00C04F79EFBC}") = "BowlingGameLogic", "BowlingGameLogic\BowlingGameLogic.csproj", "{ED2719C3-0079-4EDF-B2B3-73BABDF8EE48}"
EndProject
Global
	GlobalSection(SolutionConfigurationPlatforms) = preSolution
		Debug|Any CPU = Debug|Any CPU
		Release|Any CPU = Release|Any CPU
	EndGlobalSection
	GlobalSection(ProjectConfigurationPlatforms) = postSolution
		{E47ACAFB-21C4-43EB-839A-5B486B13B4B1}.Debug|Any CPU.ActiveCfg = Debug|Any CPU
		{E47ACAFB-21C4-43EB-839A-5B486B13B4B1}.Debug|Any CPU.Build.0 = Debug|Any CPU
		{E47ACAFB-21C4-43EB-839A-5B486B13B4B1}.Release|Any CPU.ActiveCfg = Release|Any CPU
		{E47ACAFB-21C4-43EB-839A-5B486B13B4B1}.Release|Any CPU.Build.0 = Release|Any CPU
		{ED2719C3-0079-4EDF-B2B3-73BABDF8EE48}.Debug|Any CPU.ActiveCfg = Debug|Any CPU
		{ED2719C3-0079-4EDF-B2B3-73BABDF8EE48}.Debug|Any CPU.Build.0 = Debug|Any CPU
		{ED2719C3-0079-4EDF-B2B3-73BABDF8EE48}.Release|Any CPU.ActiveCfg = Release|Any CPU
		{ED2719C3-0079-4EDF-B2B3-73BABDF8EE48}.Release|Any CPU.Build.0 = Release|Any CPU
	EndGlobalSection
	GlobalSection(SolutionProperties) = preSolution
		HideSolutionNode = FALSE
	EndGlobalSection
	GlobalSection(ExtensibilityGlobals) = postSolution
		SolutionGuid = {20A1F06B-3A07-4903-AC7C-6A8D7B1DED13}
	EndGlobalSection
EndGlobal
